
Microsoft Visual Studio Solution File, Format Version 12.00
# Visual Studio Version 17
VisualStudioVersion = 17.14.36408.4 d17.14
MinimumVisualStudioVersion = 10.0.40219.1
Project("{FAE04EC0-301F-11D3-BF4B-00C04F79EFBC}") = "ExpenseVista.API", "ExpenseVista.API.csproj", "{89E1CEE5-C9B0-45C0-92D5-6765FA8BD4B2}"
EndProject
Global
	GlobalSection(SolutionConfigurationPlatforms) = preSolution
		Debug|Any CPU = Debug|Any CPU
		Release|Any CPU = Release|Any CPU
	EndGlobalSection
	GlobalSection(ProjectConfigurationPlatforms) = postSolution
		{89E1CEE5-C9B0-45C0-92D5-6765FA8BD4B2}.Debug|Any CPU.ActiveCfg = Debug|Any CPU
		{89E1CEE5-C9B0-45C0-92D5-6765FA8BD4B2}.Debug|Any CPU.Build.0 = Debug|Any CPU
		{89E1CEE5-C9B0-45C0-92D5-6765FA8BD4B2}.Release|Any CPU.ActiveCfg = Release|Any CPU
		{89E1CEE5-C9B0-45C0-92D5-6765FA8BD4B2}.Release|Any CPU.Build.0 = Release|Any CPU
	EndGlobalSection
	GlobalSection(SolutionProperties) = preSolution
		HideSolutionNode = FALSE
	EndGlobalSection
	GlobalSection(ExtensibilityGlobals) = postSolution
		SolutionGuid = {C3FFF1AA-AC0A-467D-90E3-D1E8A15E2326}
	EndGlobalSection
EndGlobal
